
Microsoft Visual Studio Solution File, Format Version 12.00
# Visual Studio Version 16
VisualStudioVersion = 16.0.30907.101
MinimumVisualStudioVersion = 10.0.40219.1
Project("{FAE04EC0-301F-11D3-BF4B-00C04F79EFBC}") = "Temp_file_2", "Temp_file_2.csproj", "{5D8F453F-1938-40FF-B5AB-B9F8B18BA9F8}"
EndProject
Global
	GlobalSection(SolutionConfigurationPlatforms) = preSolution
		Debug|Any CPU = Debug|Any CPU
		Release|Any CPU = Release|Any CPU
	EndGlobalSection
	GlobalSection(ProjectConfigurationPlatforms) = postSolution
		{5D8F453F-1938-40FF-B5AB-B9F8B18BA9F8}.Debug|Any CPU.ActiveCfg = Debug|Any CPU
		{5D8F453F-1938-40FF-B5AB-B9F8B18BA9F8}.Debug|Any CPU.Build.0 = Debug|Any CPU
		{5D8F453F-1938-40FF-B5AB-B9F8B18BA9F8}.Release|Any CPU.ActiveCfg = Release|Any CPU
		{5D8F453F-1938-40FF-B5AB-B9F8B18BA9F8}.Release|Any CPU.Build.0 = Release|Any CPU
	EndGlobalSection
	GlobalSection(SolutionProperties) = preSolution
		HideSolutionNode = FALSE
	EndGlobalSection
	GlobalSection(ExtensibilityGlobals) = postSolution
		SolutionGuid = {0A54117C-7D72-410C-822B-ED81425B7FAA}
	EndGlobalSection
EndGlobal
